{
    "_readme": [
        "This file locks the dependencies of your project to a known state",
        "Read more about it at https://getcomposer.org/doc/01-basic-usage.md#installing-dependencies",
        "This file is @generated automatically"
    ],
    "content-hash": "d8bfa903cc71f5dbfc6e38720ecb00cb",
    "packages": [
        {
            "name": "jpush/jpush",
            "version": "v3.6.5",
            "source": {
                "type": "git",
                "url": "https://github.com/jpush/jpush-api-php-client.git",
                "reference": "2ebd48f083f0dbd60ee4fe25616a50301138a4d5"
            },
            "dist": {
                "type": "zip",
                "url": "https://api.github.com/repos/jpush/jpush-api-php-client/zipball/2ebd48f083f0dbd60ee4fe25616a50301138a4d5",
                "reference": "2ebd48f083f0dbd60ee4fe25616a50301138a4d5",
                "shasum": ""
            },
            "require": {
                "ext-curl": "*",
                "php": ">=5.3.3"
            },
            "require-dev": {
                "phpunit/phpunit": "*"
            },
            "type": "library",
            "autoload": {
                "psr-4": {
                    "JPush\\": "src/JPush/"
                }
            },
            "notification-url": "https://packagist.org/downloads/",
            "license": [
                "MIT"
            ],
            "authors": [
                {
                    "name": "JPush",
                    "email": "support@jpush.cn",
                    "homepage": "https://www.jpush.cn/",
                    "role": "Developer"
                }
            ],
            "description": "JPush API PHP Client",
            "homepage": "https://github.com/jpush/jpush-api-php-client",
            "time": "2019-05-30T09:52:14+00:00"
        }
    ],
    "packages-dev": [],
    "aliases": [],
    "minimum-stability": "stable",
    "stability-flags": [],
    "prefer-stable": false,
    "prefer-lowest": false,
    "platform": [],
    "platform-dev": []
}
